
Microsoft Visual Studio Solution File, Format Version 12.00
# Visual Studio Version 16
VisualStudioVersion = 16.0.29306.81
MinimumVisualStudioVersion = 10.0.40219.1
Project("{FAE04EC0-301F-11D3-BF4B-00C04F79EFBC}") = "calculator", "calculator\calculator.csproj", "{090FA1B0-42A5-4C0C-B363-00873B8305B5}"
EndProject
Global
	GlobalSection(SolutionConfigurationPlatforms) = preSolution
		Debug|Any CPU = Debug|Any CPU
		Release|Any CPU = Release|Any CPU
	EndGlobalSection
	GlobalSection(ProjectConfigurationPlatforms) = postSolution
		{090FA1B0-42A5-4C0C-B363-00873B8305B5}.Debug|Any CPU.ActiveCfg = Debug|Any CPU
		{090FA1B0-42A5-4C0C-B363-00873B8305B5}.Debug|Any CPU.Build.0 = Debug|Any CPU
		{090FA1B0-42A5-4C0C-B363-00873B8305B5}.Release|Any CPU.ActiveCfg = Release|Any CPU
		{090FA1B0-42A5-4C0C-B363-00873B8305B5}.Release|Any CPU.Build.0 = Release|Any CPU
	EndGlobalSection
	GlobalSection(SolutionProperties) = preSolution
		HideSolutionNode = FALSE
	EndGlobalSection
	GlobalSection(ExtensibilityGlobals) = postSolution
		SolutionGuid = {7B94DCFE-F128-43FD-BC67-31399043B76C}
	EndGlobalSection
EndGlobal
